{
  "version": 4,
  "terraform_version": "1.13.4",
  "serial": 15,
  "lineage": "78012e85-5efc-ff1a-143f-fd16eec1a032",
  "outputs": {},
  "resources": [
    {
      "module": "module.grafana.module.dashboard_grafana",
      "mode": "managed",
      "type": "azurerm_dashboard_grafana",
      "name": "this",
      "provider": "provider[\"registry.terraform.io/hashicorp/azurerm\"]",
      "instances": [
        {
          "schema_version": 0,
          "attributes": {
            "api_key_enabled": true,
            "auto_generated_domain_name_label_scope": "TenantReuse",
            "azure_monitor_workspace_integrations": [
              {
                "resource_id": "/subscriptions/0c31f129-5f19-464d-a277-e1c8c35e6899/resourceGroups/gxyz-ck1-ra0661-resougroup-dev-1/providers/Microsoft.Monitor/accounts/gxyz-ck1-ra0661-monit-dev-1"
              }
            ],
            "deterministic_outbound_ip_enabled": false,
            "endpoint": "https://gxyzck1ra0661grafadev1-che4epf0fgcpbtev.cfr.grafana.azure.com",
            "grafana_major_version": "12",
            "grafana_version": "12.3.1",
            "id": "/subscriptions/0c31f129-5f19-464d-a277-e1c8c35e6899/resourceGroups/gxyz-ck1-ra0661-resougroup-dev-1/providers/Microsoft.Dashboard/grafana/gxyzck1ra0661grafadev1",
            "identity": [
              {
                "identity_ids": null,
                "principal_id": "f346d47c-914b-4617-a1f1-16f2461b7bd0",
                "tenant_id": "70494a27-b38e-4c71-aa33-8d5d48639f41",
                "type": "SystemAssigned"
              }
            ],
            "location": "francecentral",
            "name": "gxyzck1ra0661grafadev1",
            "outbound_ip": [],
            "public_network_access_enabled": false,
            "resource_group_name": "gxyz-ck1-ra0661-resougroup-dev-1",
            "sku": "Standard",
            "smtp": [],
            "tags": {
              "AppName": "ra0661",
              "Backup": "no",
              "Company": "gxyz",
              "CostIndex": "ck1",
              "CostLimit": "0",
              "Count": "1",
              "CreatedBy": "cjuszczykowski@xyz.pl",
              "Environment": "dev",
              "InsuranceData": "no",
              "ScheduleOnOff": "00-00/7"
            },
            "timeouts": null,
            "zone_redundancy_enabled": false
          },
          "sensitive_attributes": [],
          "identity_schema_version": 0,
          "identity": {
            "name": "gxyzck1ra0661grafadev1",
            "resource_group_name": "gxyz-ck1-ra0661-resougroup-dev-1",
            "subscription_id": "0c31f129-5f19-464d-a277-e1c8c35e6899"
          },
          "private": "eyJlMmJmYjczMC1lY2FhLTExZTYtOGY4OC0zNDM2M2JjN2M0YzAiOnsiY3JlYXRlIjoxODAwMDAwMDAwMDAwLCJkZWxldGUiOjE4MDAwMDAwMDAwMDAsInJlYWQiOjMwMDAwMDAwMDAwMCwidXBkYXRlIjoxODAwMDAwMDAwMDAwfX0=",
          "dependencies": [
            "module.grafana.module.monitor_workspace.azurerm_monitor_workspace.this"
          ]
        }
      ]
    },
    {
      "module": "module.grafana.module.monitor_workspace",
      "mode": "managed",
      "type": "azurerm_monitor_workspace",
      "name": "this",
      "provider": "provider[\"registry.terraform.io/hashicorp/azurerm\"]",
      "instances": [
        {
          "schema_version": 0,
          "attributes": {
            "default_data_collection_endpoint_id": "/subscriptions/0c31f129-5f19-464d-a277-e1c8c35e6899/resourceGroups/MA_gxyz-ck1-ra0661-monit-dev-1_francecentral_managed/providers/Microsoft.Insights/dataCollectionEndpoints/gxyz-ck1-ra0661-monit-dev-1",
            "default_data_collection_rule_id": "/subscriptions/0c31f129-5f19-464d-a277-e1c8c35e6899/resourceGroups/MA_gxyz-ck1-ra0661-monit-dev-1_francecentral_managed/providers/Microsoft.Insights/dataCollectionRules/gxyz-ck1-ra0661-monit-dev-1",
            "id": "/subscriptions/0c31f129-5f19-464d-a277-e1c8c35e6899/resourceGroups/gxyz-ck1-ra0661-resougroup-dev-1/providers/Microsoft.Monitor/accounts/gxyz-ck1-ra0661-monit-dev-1",
            "location": "francecentral",
            "name": "gxyz-ck1-ra0661-monit-dev-1",
            "public_network_access_enabled": false,
            "query_endpoint": "https://gxyz-ck1-ra0661-monit-dev-1-crgbdzcubphxhpef.francecentral.prometheus.monitor.azure.com",
            "resource_group_name": "gxyz-ck1-ra0661-resougroup-dev-1",
            "tags": {
              "AppName": "ra0661",
              "Backup": "no",
              "Company": "gxyz",
              "CostIndex": "ck1",
              "CostLimit": "0",
              "Count": "1",
              "CreatedBy": "cjuszczykowski@xyz.pl",
              "Environment": "dev",
              "InsuranceData": "no",
              "ScheduleOnOff": "00-00/7"
            },
            "timeouts": null
          },
          "sensitive_attributes": [],
          "identity_schema_version": 0,
          "private": "eyJlMmJmYjczMC1lY2FhLTExZTYtOGY4OC0zNDM2M2JjN2M0YzAiOnsiY3JlYXRlIjoxODAwMDAwMDAwMDAwLCJkZWxldGUiOjE4MDAwMDAwMDAwMDAsInJlYWQiOjMwMDAwMDAwMDAwMCwidXBkYXRlIjoxODAwMDAwMDAwMDAwfX0="
        }
      ]
    },
    {
      "module": "module.grafana.module.private_endpoint_dashboard_grafana",
      "mode": "managed",
      "type": "azurerm_private_endpoint",
      "name": "this",
      "provider": "provider[\"registry.terraform.io/hashicorp/azurerm\"]",
      "instances": [
        {
          "schema_version": 0,
          "attributes": {
            "custom_dns_configs": [
              {
                "fqdn": "gxyzck1ra0661grafadev1-che4epf0fgcpbtev.cfr.grafana.azure.com",
                "ip_addresses": [
                  "10.55.22.197"
                ]
              },
              {
                "fqdn": "sso.cfr.grafana.azure.com",
                "ip_addresses": [
                  "10.55.22.197"
                ]
              }
            ],
            "custom_network_interface_name": "gxyz-ck1-ra0661-netwointer-grafa-dev-1",
            "id": "/subscriptions/0c31f129-5f19-464d-a277-e1c8c35e6899/resourceGroups/gxyz-ck1-ra0661-resougroup-dev-1/providers/Microsoft.Network/privateEndpoints/gxyz-ck1-ra0661-privaendpo-grafa-dev-1",
            "ip_configuration": [
              {
                "member_name": "grafana",
                "name": "gxyz-ck1-ra0661-privaendpo-grafa-dev-1",
                "private_ip_address": "10.55.22.197",
                "subresource_name": "grafana"
              }
            ],
            "location": "francecentral",
            "name": "gxyz-ck1-ra0661-privaendpo-grafa-dev-1",
            "network_interface": [
              {
                "id": "/subscriptions/0c31f129-5f19-464d-a277-e1c8c35e6899/resourceGroups/gxyz-ck1-ra0661-resougroup-dev-1/providers/Microsoft.Network/networkInterfaces/gxyz-ck1-ra0661-netwointer-grafa-dev-1",
                "name": "gxyz-ck1-ra0661-netwointer-grafa-dev-1"
              }
            ],
            "private_dns_zone_configs": [],
            "private_dns_zone_group": [],
            "private_service_connection": [
              {
                "is_manual_connection": false,
                "name": "gxyz-ck1-ra0661-privaendpo-grafa-dev-1",
                "private_connection_resource_alias": "",
                "private_connection_resource_id": "/subscriptions/0c31f129-5f19-464d-a277-e1c8c35e6899/resourceGroups/gxyz-ck1-ra0661-resougroup-dev-1/providers/Microsoft.Dashboard/grafana/gxyzck1ra0661grafadev1",
                "private_ip_address": "10.55.22.197",
                "request_message": "",
                "subresource_names": [
                  "grafana"
                ]
              }
            ],
            "resource_group_name": "gxyz-ck1-ra0661-resougroup-dev-1",
            "subnet_id": "/subscriptions/0c31f129-5f19-464d-a277-e1c8c35e6899/resourceGroups/gxyz-ck1-all-resougroup-nonprd-1/providers/Microsoft.Network/virtualNetworks/gxyz-ck1-all-vnet-nonprd-1/subnets/subnet-dev-grafa-10.55.22.192-26",
            "tags": {
              "AppName": "ra0661",
              "Backup": "no",
              "Company": "gxyz",
              "CostIndex": "ck1",
              "CostLimit": "0",
              "Count": "1",
              "CreatedBy": "cjuszczykowski@xyz.pl",
              "Environment": "dev",
              "InsuranceData": "no",
              "ScheduleOnOff": "00-00/7"
            },
            "timeouts": null
          },
          "sensitive_attributes": [],
          "identity_schema_version": 0,
          "identity": {
            "name": "gxyz-ck1-ra0661-privaendpo-grafa-dev-1",
            "resource_group_name": "gxyz-ck1-ra0661-resougroup-dev-1",
            "subscription_id": "0c31f129-5f19-464d-a277-e1c8c35e6899"
          },
          "private": "eyJlMmJmYjczMC1lY2FhLTExZTYtOGY4OC0zNDM2M2JjN2M0YzAiOnsiY3JlYXRlIjozNjAwMDAwMDAwMDAwLCJkZWxldGUiOjM2MDAwMDAwMDAwMDAsInJlYWQiOjMwMDAwMDAwMDAwMCwidXBkYXRlIjozNjAwMDAwMDAwMDAwfX0=",
          "dependencies": [
            "module.grafana.module.dashboard_grafana.azurerm_dashboard_grafana.this",
            "module.grafana.module.monitor_workspace.azurerm_monitor_workspace.this"
          ]
        }
      ]
    },
    {
      "module": "module.grafana.module.private_endpoint_monitor_workspace",
      "mode": "managed",
      "type": "azurerm_private_endpoint",
      "name": "this",
      "provider": "provider[\"registry.terraform.io/hashicorp/azurerm\"]",
      "instances": [
        {
          "schema_version": 0,
          "attributes": {
            "custom_dns_configs": [
              {
                "fqdn": "gxyz-ck1-ra0661-monit-dev-1-crgbdzcubphxhpef.francecentral.prometheus.monitor.azure.com",
                "ip_addresses": [
                  "10.55.22.196"
                ]
              }
            ],
            "custom_network_interface_name": "gxyz-ck1-ra0661-netwointer-monit-dev-1",
            "id": "/subscriptions/0c31f129-5f19-464d-a277-e1c8c35e6899/resourceGroups/gxyz-ck1-ra0661-resougroup-dev-1/providers/Microsoft.Network/privateEndpoints/gxyz-ck1-ra0661-privaendpo-monit-dev-1",
            "ip_configuration": [
              {
                "member_name": "queryApi",
                "name": "gxyz-ck1-ra0661-privaendpo-monit-dev-1",
                "private_ip_address": "10.55.22.196",
                "subresource_name": "prometheusMetrics"
              }
            ],
            "location": "francecentral",
            "name": "gxyz-ck1-ra0661-privaendpo-monit-dev-1",
            "network_interface": [
              {
                "id": "/subscriptions/0c31f129-5f19-464d-a277-e1c8c35e6899/resourceGroups/gxyz-ck1-ra0661-resougroup-dev-1/providers/Microsoft.Network/networkInterfaces/gxyz-ck1-ra0661-netwointer-monit-dev-1",
                "name": "gxyz-ck1-ra0661-netwointer-monit-dev-1"
              }
            ],
            "private_dns_zone_configs": [],
            "private_dns_zone_group": [],
            "private_service_connection": [
              {
                "is_manual_connection": false,
                "name": "gxyz-ck1-ra0661-privaendpo-monit-dev-1",
                "private_connection_resource_alias": "",
                "private_connection_resource_id": "/subscriptions/0c31f129-5f19-464d-a277-e1c8c35e6899/resourceGroups/gxyz-ck1-ra0661-resougroup-dev-1/providers/Microsoft.Monitor/accounts/gxyz-ck1-ra0661-monit-dev-1",
                "private_ip_address": "10.55.22.196",
                "request_message": "",
                "subresource_names": [
                  "prometheusMetrics"
                ]
              }
            ],
            "resource_group_name": "gxyz-ck1-ra0661-resougroup-dev-1",
            "subnet_id": "/subscriptions/0c31f129-5f19-464d-a277-e1c8c35e6899/resourceGroups/gxyz-ck1-all-resougroup-nonprd-1/providers/Microsoft.Network/virtualNetworks/gxyz-ck1-all-vnet-nonprd-1/subnets/subnet-dev-grafa-10.55.22.192-26",
            "tags": {
              "AppName": "ra0661",
              "Backup": "no",
              "Company": "gxyz",
              "CostIndex": "ck1",
              "CostLimit": "0",
              "Count": "1",
              "CreatedBy": "cjuszczykowski@xyz.pl",
              "Environment": "dev",
              "InsuranceData": "no",
              "ScheduleOnOff": "00-00/7"
            },
            "timeouts": null
          },
          "sensitive_attributes": [],
          "identity_schema_version": 0,
          "identity": {
            "name": "gxyz-ck1-ra0661-privaendpo-monit-dev-1",
            "resource_group_name": "gxyz-ck1-ra0661-resougroup-dev-1",
            "subscription_id": "0c31f129-5f19-464d-a277-e1c8c35e6899"
          },
          "private": "eyJlMmJmYjczMC1lY2FhLTExZTYtOGY4OC0zNDM2M2JjN2M0YzAiOnsiY3JlYXRlIjozNjAwMDAwMDAwMDAwLCJkZWxldGUiOjM2MDAwMDAwMDAwMDAsInJlYWQiOjMwMDAwMDAwMDAwMCwidXBkYXRlIjozNjAwMDAwMDAwMDAwfX0=",
          "dependencies": [
            "module.grafana.module.monitor_workspace.azurerm_monitor_workspace.this"
          ]
        }
      ]
    }
  ],
  "check_results": [
    {
      "object_kind": "var",
      "config_addr": "module.grafana.var.grafana_private_endpoint_ip_addresses",
      "status": "pass",
      "objects": [
        {
          "object_addr": "module.grafana.var.grafana_private_endpoint_ip_addresses",
          "status": "pass"
        }
      ]
    },
    {
      "object_kind": "var",
      "config_addr": "module.grafana.var.resource_group_name",
      "status": "pass",
      "objects": [
        {
          "object_addr": "module.grafana.var.resource_group_name",
          "status": "pass"
        }
      ]
    },
    {
      "object_kind": "var",
      "config_addr": "module.grafana.var.grafana_major_version",
      "status": "pass",
      "objects": [
        {
          "object_addr": "module.grafana.var.grafana_major_version",
          "status": "pass"
        }
      ]
    },
    {
      "object_kind": "var",
      "config_addr": "module.grafana.var.tags",
      "status": "pass",
      "objects": [
        {
          "object_addr": "module.grafana.var.tags",
          "status": "pass"
        }
      ]
    },
    {
      "object_kind": "var",
      "config_addr": "module.grafana.var.subnet_id",
      "status": "pass",
      "objects": [
        {
          "object_addr": "module.grafana.var.subnet_id",
          "status": "pass"
        }
      ]
    },
    {
      "object_kind": "var",
      "config_addr": "module.grafana.var.monitor_workspace_private_endpoint_ip_addresses",
      "status": "pass",
      "objects": [
        {
          "object_addr": "module.grafana.var.monitor_workspace_private_endpoint_ip_addresses",
          "status": "pass"
        }
      ]
    }
  ]
}
